
Microsoft Visual Studio Solution File, Format Version 12.00
# Visual Studio Version 17
VisualStudioVersion = 17.0.32126.317
MinimumVisualStudioVersion = 10.0.40219.1
Project("{FAE04EC0-301F-11D3-BF4B-00C04F79EFBC}") = "Homework_7", "Homework_7\Homework_7.csproj", "{BDE9BE3A-A273-4508-B507-FD5FB48FB031}"
EndProject
Global
	GlobalSection(SolutionConfigurationPlatforms) = preSolution
		Debug|Any CPU = Debug|Any CPU
		Release|Any CPU = Release|Any CPU
	EndGlobalSection
	GlobalSection(ProjectConfigurationPlatforms) = postSolution
		{BDE9BE3A-A273-4508-B507-FD5FB48FB031}.Debug|Any CPU.ActiveCfg = Debug|Any CPU
		{BDE9BE3A-A273-4508-B507-FD5FB48FB031}.Debug|Any CPU.Build.0 = Debug|Any CPU
		{BDE9BE3A-A273-4508-B507-FD5FB48FB031}.Release|Any CPU.ActiveCfg = Release|Any CPU
		{BDE9BE3A-A273-4508-B507-FD5FB48FB031}.Release|Any CPU.Build.0 = Release|Any CPU
	EndGlobalSection
	GlobalSection(SolutionProperties) = preSolution
		HideSolutionNode = FALSE
	EndGlobalSection
	GlobalSection(ExtensibilityGlobals) = postSolution
		SolutionGuid = {5388C9B8-F1B3-40C0-94C4-3B9641407647}
	EndGlobalSection
EndGlobal
