
Microsoft Visual Studio Solution File, Format Version 12.00
# Visual Studio Version 17
VisualStudioVersion = 17.0.32126.317
MinimumVisualStudioVersion = 10.0.40219.1
Project("{FAE04EC0-301F-11D3-BF4B-00C04F79EFBC}") = "Homework_8", "Homework_8\Homework_8.csproj", "{472511F6-0FC2-4857-8087-B960938B06A2}"
EndProject
Project("{FAE04EC0-301F-11D3-BF4B-00C04F79EFBC}") = "TrueFalseEditor", "..\Lesson8\TrueFalseEditor\TrueFalseEditor.csproj", "{C190AF47-2117-4C6B-98A3-A9A97B0E5F27}"
EndProject
Global
	GlobalSection(SolutionConfigurationPlatforms) = preSolution
		Debug|Any CPU = Debug|Any CPU
		Release|Any CPU = Release|Any CPU
	EndGlobalSection
	GlobalSection(ProjectConfigurationPlatforms) = postSolution
		{472511F6-0FC2-4857-8087-B960938B06A2}.Debug|Any CPU.ActiveCfg = Debug|Any CPU
		{472511F6-0FC2-4857-8087-B960938B06A2}.Debug|Any CPU.Build.0 = Debug|Any CPU
		{472511F6-0FC2-4857-8087-B960938B06A2}.Release|Any CPU.ActiveCfg = Release|Any CPU
		{472511F6-0FC2-4857-8087-B960938B06A2}.Release|Any CPU.Build.0 = Release|Any CPU
		{C190AF47-2117-4C6B-98A3-A9A97B0E5F27}.Debug|Any CPU.ActiveCfg = Debug|Any CPU
		{C190AF47-2117-4C6B-98A3-A9A97B0E5F27}.Debug|Any CPU.Build.0 = Debug|Any CPU
		{C190AF47-2117-4C6B-98A3-A9A97B0E5F27}.Release|Any CPU.ActiveCfg = Release|Any CPU
		{C190AF47-2117-4C6B-98A3-A9A97B0E5F27}.Release|Any CPU.Build.0 = Release|Any CPU
	EndGlobalSection
	GlobalSection(SolutionProperties) = preSolution
		HideSolutionNode = FALSE
	EndGlobalSection
	GlobalSection(ExtensibilityGlobals) = postSolution
		SolutionGuid = {000C6ABE-248D-4CE1-AAD1-DF4FBE4A22F6}
	EndGlobalSection
EndGlobal
